
Microsoft Visual Studio Solution File, Format Version 12.00
# Visual Studio Version 17
VisualStudioVersion = 17.0.31903.59
MinimumVisualStudioVersion = 10.0.40219.1
Project("{FAE04EC0-301F-11D3-BF4B-00C04F79EFBC}") = "ExplodeApp", "ExplodeApp\ExplodeApp.csproj", "{042050FF-BB00-44B1-87B8-DDAB3E39FA73}"
EndProject
Project("{FAE04EC0-301F-11D3-BF4B-00C04F79EFBC}") = "ExplodeCommand", "ExplodeCommand\ExplodeCommand.csproj", "{A1DEB43E-98BF-42EE-9EF4-2A97EF7E79C0}"
EndProject
Global
	GlobalSection(SolutionConfigurationPlatforms) = preSolution
		Debug|Any CPU = Debug|Any CPU
		Release|Any CPU = Release|Any CPU
	EndGlobalSection
	GlobalSection(ProjectConfigurationPlatforms) = postSolution
		{042050FF-BB00-44B1-87B8-DDAB3E39FA73}.Debug|Any CPU.ActiveCfg = Debug|Any CPU
		{042050FF-BB00-44B1-87B8-DDAB3E39FA73}.Debug|Any CPU.Build.0 = Debug|Any CPU
		{042050FF-BB00-44B1-87B8-DDAB3E39FA73}.Release|Any CPU.ActiveCfg = Release|Any CPU
		{042050FF-BB00-44B1-87B8-DDAB3E39FA73}.Release|Any CPU.Build.0 = Release|Any CPU
		{A1DEB43E-98BF-42EE-9EF4-2A97EF7E79C0}.Debug|Any CPU.ActiveCfg = Debug|Any CPU
		{A1DEB43E-98BF-42EE-9EF4-2A97EF7E79C0}.Debug|Any CPU.Build.0 = Debug|Any CPU
		{A1DEB43E-98BF-42EE-9EF4-2A97EF7E79C0}.Release|Any CPU.ActiveCfg = Release|Any CPU
		{A1DEB43E-98BF-42EE-9EF4-2A97EF7E79C0}.Release|Any CPU.Build.0 = Release|Any CPU
	EndGlobalSection
	GlobalSection(SolutionProperties) = preSolution
		HideSolutionNode = FALSE
	EndGlobalSection
	GlobalSection(ExtensibilityGlobals) = postSolution
		SolutionGuid = {CC899397-9AFE-4ADB-86E4-6942EBA52952}
	EndGlobalSection
EndGlobal
